// !$*UTF8*$!
{
	archiveVersion = 1;
	classes = {
	};
	objectVersion = 46;
	objects = {

/* Begin PBXBuildFile section */
		63D1FAC21CBAEFCE00FC44FB /* main.c in Sources */ = {isa = PBXBuildFile; fileRef = 63D1FAC11CBAEFCE00FC44FB /* main.c */; };
/* End PBXBuildFile section */

/* Begin PBXCopyFilesBuildPhase section */
		63D1FABC1CBAEFCE00FC44FB /* CopyFiles */ = {
			isa = PBXCopyFilesBuildPhase;
			buildActionMask = 2147483647;
			dstPath = /usr/share/man/man1/;
			dstSubfolderSpec = 0;
			files = (
			);
			runOnlyForDeploymentPostprocessing = 1;
		};
/* End PBXCopyFilesBuildPhase section */

/* Begin PBXFileReference section */
		63D1FABE1CBAEFCE00FC44FB /* Squarer */ = {isa = PBXFileReference; explicitFileType = "compiled.mach-o.executable"; includeInIndex = 0; path = Squarer; sourceTree = BUILT_PRODUCTS_DIR; };
		63D1FAC11CBAEFCE00FC44FB /* main.c */ = {isa = PBXFileReference; lastKnownFileType = sourcecode.c.c; path = main.c; sourceTree = "<group>"; };
/* End PBXFileReference section */

/* Begin PBXFrameworksBuildPhase section */
		63D1FABB1CBAEFCE00FC44FB /* Frameworks */ = {
			isa = PBXFrameworksBuildPhase;
			buildActionMask = 2147483647;
			files = (
			);
			runOnlyForDeploymentPostprocessing = 0;
		};
/* End PBXFrameworksBuildPhase section */

/* Begin PBXGroup section */
		63D1FAB51CBAEFCE00FC44FB = {
			isa = PBXGroup;
			children = (
				63D1FAC01CBAEFCE00FC44FB /* Squarer */,
				63D1FABF1CBAEFCE00FC44FB /* Products */,
			);
			sourceTree = "<group>";
		};
		63D1FABF1CBAEFCE00FC44FB /* Products */ = {
			isa = PBXGroup;
			children = (
				63D1FABE1CBAEFCE00FC44FB /* Squarer */,
			);
			name = Products;
			sourceTree = "<group>";
		};
		63D1FAC01CBAEFCE00FC44FB /* Squarer */ = {
			isa = PBXGroup;
			children = (
				63D1FAC11CBAEFCE00FC44FB /* main.c */,
			);
			path = Squarer;
			sourceTree = "<group>";
		};
/* End PBXGroup section */

/* Begin PBXNativeTarget section */
		63D1FABD1CBAEFCE00FC44FB /* Squarer */ = {
			isa = PBXNativeTarget;
			buildConfigurationList = 63D1FAC51CBAEFCE00FC44FB /* Build configuration list for PBXNativeTarget "Squarer" */;
			buildPhases = (
				63D1FABA1CBAEFCE00FC44FB /* Sources */,
				63D1FABB1CBAEFCE00FC44FB /* Frameworks */,
				63D1FABC1CBAEFCE00FC44FB /* CopyFiles */,
			);
			buildRules = (
			);
			dependencies = (
			);
			name = Squarer;
			productName = Squarer;
			productReference = 63D1FABE1CBAEFCE00FC44FB /* Squarer */;
			productType = "com.apple.product-type.tool";
		};
/* End PBXNativeTarget section */

/* Begin PBXProject section */
		63D1FAB61CBAEFCE00FC44FB /* Project object */ = {
			isa = PBXProject;
			attributes = {
				LastUpgradeCheck = 0730;
				ORGANIZATIONNAME = "Big Nerd Ranch";
				TargetAttributes = {
					63D1FABD1CBAEFCE00FC44FB = {
						CreatedOnToolsVersion = 7.3;
					};
				};
			};
			buildConfigurationList = 63D1FAB91CBAEFCE00FC44FB /* Build configuration list for PBXProject "Squarer" */;
			compatibilityVersion = "Xcode 3.2";
			developmentRegion = English;
			hasScannedForEncodings = 0;
			knownRegions = (
				en,
			);
			mainGroup = 63D1FAB51CBAEFCE00FC44FB;
			productRefGroup = 63D1FABF1CBAEFCE00FC44FB /* Products */;
			projectDirPath = "";
			projectRoot = "";
			targets = (
				63D1FABD1CBAEFCE00FC44FB /* Squarer */,
			);
		};
/* End PBXProject section */

/* Begin PBXSourcesBuildPhase section */
		63D1FABA1CBAEFCE00FC44FB /* Sources */ = {
			isa = PBXSourcesBuildPhase;
			buildActionMask = 2147483647;
			files = (
				63D1FAC21CBAEFCE00FC44FB /* main.c in Sources */,
			);
			runOnlyForDeploymentPostprocessing = 0;
		};
/* End PBXSourcesBuildPhase section */

/* Begin XCBuildConfiguration section */
		63D1FAC31CBAEFCE00FC44FB /* Debug */ = {
			isa = XCBuildConfiguration;
			buildSettings = {
				ALWAYS_SEARCH_USER_PATHS = NO;
				CLANG_ANALYZER_NONNULL = YES;
				CLANG_CXX_LANGUAGE_STANDARD = "gnu++0x";
				CLANG_CXX_LIBRARY = "libc++";
				CLANG_ENABLE_MODULES = YES;
				CLANG_ENABLE_OBJC_ARC = YES;
				CLANG_WARN_BOOL_CONVERSION = YES;
				CLANG_WARN_CONSTANT_CONVERSION = YES;
				CLANG_WARN_DIRECT_OBJC_ISA_USAGE = YES_ERROR;
				CLANG_WARN_EMPTY_BODY = YES;
				CLANG_WARN_ENUM_CONVERSION = YES;
				CLANG_WARN_INT_CONVERSION = YES;
				CLANG_WARN_OBJC_ROOT_CLASS = YES_ERROR;
				CLANG_WARN_UNREACHABLE_CODE = YES;
				CLANG_WARN__DUPLICATE_METHOD_MATCH = YES;
				CODE_SIGN_IDENTITY = "-";
				COPY_PHASE_STRIP = NO;
				DEBUG_INFORMATION_FORMAT = dwarf;
				ENABLE_STRICT_OBJC_MSGSEND = YES;
				ENABLE_TESTABILITY = YES;
				GCC_C_LANGUAGE_STANDARD = gnu99;
				GCC_DYNAMIC_NO_PIC = NO;
				GCC_NO_COMMON_BLOCKS = YES;
				GCC_OPTIMIZATION_LEVEL = 0;
				GCC_PREPROCESSOR_DEFINITIONS = (
					"DEBUG=1",
					"$(inherited)",
				);
				GCC_WARN_64_TO_32_BIT_CONVERSION = YES;
				GCC_WARN_ABOUT_RETURN_TYPE = YES_ERROR;
				GCC_WARN_UNDECLARED_SELECTOR = YES;
				GCC_WARN_UNINITIALIZED_AUTOS = YES_AGGRESSIVE;
				GCC_WARN_UNUSED_FUNCTION = YES;
				GCC_WARN_UNUSED_VARIABLE = YES;
				MACOSX_DEPLOYMENT_TARGET = 10.11;
				MTL_ENABLE_DEBUG_INFO = YES;
				ONLY_ACTIVE_ARCH = YES;
				SDKROOT = macosx;
			};
			name = Debug;
		};
		63D1FAC41CBAEFCE00FC44FB /* Release */ = {
			isa = XCBuildConfiguration;
			buildSettings = {
				ALWAYS_SEARCH_USER_PATHS = NO;
				CLANG_ANALYZER_NONNULL = YES;
				CLANG_CXX_LANGUAGE_STANDARD = "gnu++0x";
				CLANG_CXX_LIBRARY = "libc++";
				CLANG_ENABLE_MODULES = YES;
				CLANG_ENABLE_OBJC_ARC = YES;
				CLANG_WARN_BOOL_CONVERSION = YES;
				CLANG_WARN_CONSTANT_CONVERSION = YES;
				CLANG_WARN_DIRECT_OBJC_ISA_USAGE = YES_ERROR;
				CLANG_WARN_EMPTY_BODY = YES;
				CLANG_WARN_ENUM_CONVERSION = YES;
				CLANG_WARN_INT_CONVERSION = YES;
				CLANG_WARN_OBJC_ROOT_CLASS = YES_ERROR;
				CLANG_WARN_UNREACHABLE_CODE = YES;
				CLANG_WARN__DUPLICATE_METHOD_MATCH = YES;
				CODE_SIGN_IDENTITY = "-";
				COPY_PHASE_STRIP = NO;
				DEBUG_INFORMATION_FORMAT = "dwarf-with-dsym";
				ENABLE_NS_ASSERTIONS = NO;
				ENABLE_STRICT_OBJC_MSGSEND = YES;
				GCC_C_LANGUAGE_STANDARD = gnu99;
				GCC_NO_COMMON_BLOCKS = YES;
				GCC_WARN_64_TO_32_BIT_CONVERSION = YES;
				GCC_WARN_ABOUT_RETURN_TYPE = YES_ERROR;
				GCC_WARN_UNDECLARED_SELECTOR = YES;
				GCC_WARN_UNINITIALIZED_AUTOS = YES_AGGRESSIVE;
				GCC_WARN_UNUSED_FUNCTION = YES;
				GCC_WARN_UNUSED_VARIABLE = YES;
				MACOSX_DEPLOYMENT_TARGET = 10.11;
				MTL_ENABLE_DEBUG_INFO = NO;
				SDKROOT = macosx;
			};
			name = Release;
		};
		63D1FAC61CBAEFCE00FC44FB /* Debug */ = {
			isa = XCBuildConfiguration;
			buildSettings = {
				PRODUCT_NAME = "$(TARGET_NAME)";
			};
			name = Debug;
		};
		63D1FAC71CBAEFCE00FC44FB /* Release */ = {
			isa = XCBuildConfiguration;
			buildSettings = {
				PRODUCT_NAME = "$(TARGET_NAME)";
			};
			name = Release;
		};
/* End XCBuildConfiguration section */

/* Begin XCConfigurationList section */
		63D1FAB91CBAEFCE00FC44FB /* Build configuration list for PBXProject "Squarer" */ = {
			isa = XCConfigurationList;
			buildConfigurations = (
				63D1FAC31CBAEFCE00FC44FB /* Debug */,
				63D1FAC41CBAEFCE00FC44FB /* Release */,
			);
			defaultConfigurationIsVisible = 0;
			defaultConfigurationName = Release;
		};
		63D1FAC51CBAEFCE00FC44FB /* Build configuration list for PBXNativeTarget "Squarer" */ = {
			isa = XCConfigurationList;
			buildConfigurations = (
				63D1FAC61CBAEFCE00FC44FB /* Debug */,
				63D1FAC71CBAEFCE00FC44FB /* Release */,
			);
			defaultConfigurationIsVisible = 0;
		};
/* End XCConfigurationList section */
	};
	rootObject = 63D1FAB61CBAEFCE00FC44FB /* Project object */;
}
